
Microsoft Visual Studio Solution File, Format Version 12.00
# Visual Studio Version 17
VisualStudioVersion = 17.9.34321.82
MinimumVisualStudioVersion = 10.0.40219.1
Project("{FAE04EC0-301F-11D3-BF4B-00C04F79EFBC}") = "PeriodicTableElements", "PeriodicTableElements\PeriodicTableElements.csproj", "{80D4F870-CB07-4DEB-9DBB-1C1D4707CEEF}"
EndProject
Global
	GlobalSection(SolutionConfigurationPlatforms) = preSolution
		Debug|Any CPU = Debug|Any CPU
		Release|Any CPU = Release|Any CPU
	EndGlobalSection
	GlobalSection(ProjectConfigurationPlatforms) = postSolution
		{80D4F870-CB07-4DEB-9DBB-1C1D4707CEEF}.Debug|Any CPU.ActiveCfg = Debug|Any CPU
		{80D4F870-CB07-4DEB-9DBB-1C1D4707CEEF}.Debug|Any CPU.Build.0 = Debug|Any CPU
		{80D4F870-CB07-4DEB-9DBB-1C1D4707CEEF}.Debug|Any CPU.Deploy.0 = Debug|Any CPU
		{80D4F870-CB07-4DEB-9DBB-1C1D4707CEEF}.Release|Any CPU.ActiveCfg = Release|Any CPU
		{80D4F870-CB07-4DEB-9DBB-1C1D4707CEEF}.Release|Any CPU.Build.0 = Release|Any CPU
		{80D4F870-CB07-4DEB-9DBB-1C1D4707CEEF}.Release|Any CPU.Deploy.0 = Release|Any CPU
	EndGlobalSection
	GlobalSection(SolutionProperties) = preSolution
		HideSolutionNode = FALSE
	EndGlobalSection
	GlobalSection(ExtensibilityGlobals) = postSolution
		SolutionGuid = {0F62A01D-CF12-49EA-9852-FBFFD5D40A71}
	EndGlobalSection
EndGlobal
